
Microsoft Visual Studio Solution File, Format Version 12.00
# Visual Studio Version 17
VisualStudioVersion = 17.9.34607.119
MinimumVisualStudioVersion = 10.0.40219.1
Project("{FAE04EC0-301F-11D3-BF4B-00C04F79EFBC}") = "Logging - Open Closed Principle", "Logging - Open Closed Principle\Logging - Open Closed Principle.csproj", "{43CFB880-8F5F-4775-A1F8-FEC796D8FA59}"
EndProject
Global
	GlobalSection(SolutionConfigurationPlatforms) = preSolution
		Debug|Any CPU = Debug|Any CPU
		Release|Any CPU = Release|Any CPU
	EndGlobalSection
	GlobalSection(ProjectConfigurationPlatforms) = postSolution
		{43CFB880-8F5F-4775-A1F8-FEC796D8FA59}.Debug|Any CPU.ActiveCfg = Debug|Any CPU
		{43CFB880-8F5F-4775-A1F8-FEC796D8FA59}.Debug|Any CPU.Build.0 = Debug|Any CPU
		{43CFB880-8F5F-4775-A1F8-FEC796D8FA59}.Release|Any CPU.ActiveCfg = Release|Any CPU
		{43CFB880-8F5F-4775-A1F8-FEC796D8FA59}.Release|Any CPU.Build.0 = Release|Any CPU
	EndGlobalSection
	GlobalSection(SolutionProperties) = preSolution
		HideSolutionNode = FALSE
	EndGlobalSection
	GlobalSection(ExtensibilityGlobals) = postSolution
		SolutionGuid = {FD93524F-3002-448A-AC61-3E3393DECA0E}
	EndGlobalSection
EndGlobal
